
Microsoft Visual Studio Solution File, Format Version 12.00
# Visual Studio Version 16
VisualStudioVersion = 16.0.31911.196
MinimumVisualStudioVersion = 10.0.40219.1
Project("{2150E333-8FDC-42A3-9474-1A3956D46DE8}") = "_Root", "_Root", "{97A8E061-27CC-4C0D-B473-A0EF241244F9}"
	ProjectSection(SolutionItems) = preProject
		.editorconfig = .editorconfig
		Directory.Build.props = Directory.Build.props
		gitversion.yml = gitversion.yml
		LICENSE.txt = LICENSE.txt
		README.md = README.md
	EndProjectSection
EndProject
Project("{9A19103F-16F7-4668-BE54-9A1E7A4F7556}") = "NaturalMouseMotionSharp", "NaturalMouseMotionSharp\NaturalMouseMotionSharp.csproj", "{57269179-8191-42EE-9665-8B88BD21B4C1}"
EndProject
Project("{9A19103F-16F7-4668-BE54-9A1E7A4F7556}") = "NaturalMouseMotionSharp.Tests", "NaturalMouseMotionSharp.Tests\NaturalMouseMotionSharp.Tests.csproj", "{FDB9F7C8-1E4C-48BA-AAE0-F19DE3C37DCD}"
EndProject
Project("{2150E333-8FDC-42A3-9474-1A3956D46DE8}") = "_GitHub", "_GitHub", "{2C7A841C-7E31-47AC-BCCD-DFEB879CD3B6}"
EndProject
Project("{2150E333-8FDC-42A3-9474-1A3956D46DE8}") = "workflows", "workflows", "{F89350A1-8731-4147-ADE9-547F1952AC70}"
	ProjectSection(SolutionItems) = preProject
		.github\workflows\dotnet.yml = .github\workflows\dotnet.yml
	EndProjectSection
EndProject
Project("{FAE04EC0-301F-11D3-BF4B-00C04F79EFBC}") = "NaturalMouseMotionSharp.Demo", "NaturalMouseMotionSharp.Demo\NaturalMouseMotionSharp.Demo.csproj", "{58A6F592-93A4-4053-8B31-19F35EE04ED7}"
EndProject
Global
	GlobalSection(SolutionConfigurationPlatforms) = preSolution
		Debug|Any CPU = Debug|Any CPU
		Release|Any CPU = Release|Any CPU
	EndGlobalSection
	GlobalSection(ProjectConfigurationPlatforms) = postSolution
		{57269179-8191-42EE-9665-8B88BD21B4C1}.Debug|Any CPU.ActiveCfg = Debug|Any CPU
		{57269179-8191-42EE-9665-8B88BD21B4C1}.Debug|Any CPU.Build.0 = Debug|Any CPU
		{57269179-8191-42EE-9665-8B88BD21B4C1}.Release|Any CPU.ActiveCfg = Release|Any CPU
		{57269179-8191-42EE-9665-8B88BD21B4C1}.Release|Any CPU.Build.0 = Release|Any CPU
		{FDB9F7C8-1E4C-48BA-AAE0-F19DE3C37DCD}.Debug|Any CPU.ActiveCfg = Debug|Any CPU
		{FDB9F7C8-1E4C-48BA-AAE0-F19DE3C37DCD}.Debug|Any CPU.Build.0 = Debug|Any CPU
		{FDB9F7C8-1E4C-48BA-AAE0-F19DE3C37DCD}.Release|Any CPU.ActiveCfg = Release|Any CPU
		{58A6F592-93A4-4053-8B31-19F35EE04ED7}.Debug|Any CPU.ActiveCfg = Debug|Any CPU
		{58A6F592-93A4-4053-8B31-19F35EE04ED7}.Debug|Any CPU.Build.0 = Debug|Any CPU
		{58A6F592-93A4-4053-8B31-19F35EE04ED7}.Release|Any CPU.ActiveCfg = Release|Any CPU
		{58A6F592-93A4-4053-8B31-19F35EE04ED7}.Release|Any CPU.Build.0 = Release|Any CPU
	EndGlobalSection
	GlobalSection(SolutionProperties) = preSolution
		HideSolutionNode = FALSE
	EndGlobalSection
	GlobalSection(NestedProjects) = preSolution
		{F89350A1-8731-4147-ADE9-547F1952AC70} = {2C7A841C-7E31-47AC-BCCD-DFEB879CD3B6}
	EndGlobalSection
	GlobalSection(ExtensibilityGlobals) = postSolution
		SolutionGuid = {57DAF9B9-B497-4118-9717-B5CA49C31AEE}
	EndGlobalSection
EndGlobal
